
Microsoft Visual Studio Solution File, Format Version 12.00
Project("{FAE04EC0-301F-11D3-BF4B-00C04F79EFBC}") = "RepeatableCharacterProject", "RepeatableCharacterProject\RepeatableCharacterProject.csproj", "{22A0785C-D216-4BD0-9A5D-DD4FBF0AEE84}"
EndProject
Global
	GlobalSection(SolutionConfigurationPlatforms) = preSolution
		Debug|Any CPU = Debug|Any CPU
		Release|Any CPU = Release|Any CPU
	EndGlobalSection
	GlobalSection(ProjectConfigurationPlatforms) = postSolution
		{22A0785C-D216-4BD0-9A5D-DD4FBF0AEE84}.Debug|Any CPU.ActiveCfg = Debug|Any CPU
		{22A0785C-D216-4BD0-9A5D-DD4FBF0AEE84}.Debug|Any CPU.Build.0 = Debug|Any CPU
		{22A0785C-D216-4BD0-9A5D-DD4FBF0AEE84}.Release|Any CPU.ActiveCfg = Release|Any CPU
		{22A0785C-D216-4BD0-9A5D-DD4FBF0AEE84}.Release|Any CPU.Build.0 = Release|Any CPU
	EndGlobalSection
EndGlobal
